
Microsoft Visual Studio Solution File, Format Version 11.00
# Visual Studio 2010
Project("{FAE04EC0-301F-11D3-BF4B-00C04F79EFBC}") = "NumerologyRandomizer", "NumerologyRandomizer\NumerologyRandomizer.csproj", "{6934D583-1AEC-4E36-9EDC-EF8CB402C10B}"
EndProject
Global
	GlobalSection(TeamFoundationVersionControl) = preSolution
		SccNumberOfProjects = 2
		SccEnterpriseProvider = {4CA58AB2-18FA-4F8D-95D4-32DDF27D184C}
		SccTeamFoundationServer = http://win2008-tfs:8080/tfs/chrisprojects
		SccLocalPath0 = .
		SccProjectUniqueName1 = NumerologyRandomizer\\NumerologyRandomizer.csproj
		SccProjectName1 = NumerologyRandomizer
		SccLocalPath1 = NumerologyRandomizer
	EndGlobalSection
	GlobalSection(SolutionConfigurationPlatforms) = preSolution
		Debug|x86 = Debug|x86
		Release|x86 = Release|x86
	EndGlobalSection
	GlobalSection(ProjectConfigurationPlatforms) = postSolution
		{6934D583-1AEC-4E36-9EDC-EF8CB402C10B}.Debug|x86.ActiveCfg = Debug|x86
		{6934D583-1AEC-4E36-9EDC-EF8CB402C10B}.Debug|x86.Build.0 = Debug|x86
		{6934D583-1AEC-4E36-9EDC-EF8CB402C10B}.Release|x86.ActiveCfg = Release|x86
		{6934D583-1AEC-4E36-9EDC-EF8CB402C10B}.Release|x86.Build.0 = Release|x86
	EndGlobalSection
	GlobalSection(SolutionProperties) = preSolution
		HideSolutionNode = FALSE
	EndGlobalSection
EndGlobal
